// !$*UTF8*$!
{
	archiveVersion = 1;
	classes = {
	};
	objectVersion = 46;
	objects = {

/* Begin PBXBuildFile section */
		9DFA9D181C50BD8E00DEED92 /* main.m in Sources */ = {isa = PBXBuildFile; fileRef = 9DFA9D171C50BD8E00DEED92 /* main.m */; };
/* End PBXBuildFile section */

/* Begin PBXCopyFilesBuildPhase section */
		9DFA9D121C50BD8E00DEED92 /* CopyFiles */ = {
			isa = PBXCopyFilesBuildPhase;
			buildActionMask = 2147483647;
			dstPath = /usr/share/man/man1/;
			dstSubfolderSpec = 0;
			files = (
			);
			runOnlyForDeploymentPostprocessing = 1;
		};
/* End PBXCopyFilesBuildPhase section */

/* Begin PBXFileReference section */
		9DFA9D141C50BD8E00DEED92 /* 01-OverLoaded init function */ = {isa = PBXFileReference; explicitFileType = "compiled.mach-o.executable"; includeInIndex = 0; path = "01-OverLoaded init function"; sourceTree = BUILT_PRODUCTS_DIR; };
		9DFA9D171C50BD8E00DEED92 /* main.m */ = {isa = PBXFileReference; lastKnownFileType = sourcecode.c.objc; path = main.m; sourceTree = "<group>"; };
/* End PBXFileReference section */

/* Begin PBXFrameworksBuildPhase section */
		9DFA9D111C50BD8E00DEED92 /* Frameworks */ = {
			isa = PBXFrameworksBuildPhase;
			buildActionMask = 2147483647;
			files = (
			);
			runOnlyForDeploymentPostprocessing = 0;
		};
/* End PBXFrameworksBuildPhase section */

/* Begin PBXGroup section */
		9DFA9D0B1C50BD8E00DEED92 = {
			isa = PBXGroup;
			children = (
				9DFA9D161C50BD8E00DEED92 /* 01-OverLoaded init function */,
				9DFA9D151C50BD8E00DEED92 /* Products */,
			);
			sourceTree = "<group>";
		};
		9DFA9D151C50BD8E00DEED92 /* Products */ = {
			isa = PBXGroup;
			children = (
				9DFA9D141C50BD8E00DEED92 /* 01-OverLoaded init function */,
			);
			name = Products;
			sourceTree = "<group>";
		};
		9DFA9D161C50BD8E00DEED92 /* 01-OverLoaded init function */ = {
			isa = PBXGroup;
			children = (
				9DFA9D171C50BD8E00DEED92 /* main.m */,
			);
			path = "01-OverLoaded init function";
			sourceTree = "<group>";
		};
/* End PBXGroup section */

/* Begin PBXNativeTarget section */
		9DFA9D131C50BD8E00DEED92 /* 01-OverLoaded init function */ = {
			isa = PBXNativeTarget;
			buildConfigurationList = 9DFA9D1B1C50BD8E00DEED92 /* Build configuration list for PBXNativeTarget "01-OverLoaded init function" */;
			buildPhases = (
				9DFA9D101C50BD8E00DEED92 /* Sources */,
				9DFA9D111C50BD8E00DEED92 /* Frameworks */,
				9DFA9D121C50BD8E00DEED92 /* CopyFiles */,
			);
			buildRules = (
			);
			dependencies = (
			);
			name = "01-OverLoaded init function";
			productName = "01-OverLoaded init function";
			productReference = 9DFA9D141C50BD8E00DEED92 /* 01-OverLoaded init function */;
			productType = "com.apple.product-type.tool";
		};
/* End PBXNativeTarget section */

/* Begin PBXProject section */
		9DFA9D0C1C50BD8E00DEED92 /* Project object */ = {
			isa = PBXProject;
			attributes = {
				LastUpgradeCheck = 0710;
				ORGANIZATIONNAME = red;
				TargetAttributes = {
					9DFA9D131C50BD8E00DEED92 = {
						CreatedOnToolsVersion = 7.1;
					};
				};
			};
			buildConfigurationList = 9DFA9D0F1C50BD8E00DEED92 /* Build configuration list for PBXProject "01-OverLoaded init function" */;
			compatibilityVersion = "Xcode 3.2";
			developmentRegion = English;
			hasScannedForEncodings = 0;
			knownRegions = (
				en,
			);
			mainGroup = 9DFA9D0B1C50BD8E00DEED92;
			productRefGroup = 9DFA9D151C50BD8E00DEED92 /* Products */;
			projectDirPath = "";
			projectRoot = "";
			targets = (
				9DFA9D131C50BD8E00DEED92 /* 01-OverLoaded init function */,
			);
		};
/* End PBXProject section */

/* Begin PBXSourcesBuildPhase section */
		9DFA9D101C50BD8E00DEED92 /* Sources */ = {
			isa = PBXSourcesBuildPhase;
			buildActionMask = 2147483647;
			files = (
				9DFA9D181C50BD8E00DEED92 /* main.m in Sources */,
			);
			runOnlyForDeploymentPostprocessing = 0;
		};
/* End PBXSourcesBuildPhase section */

/* Begin XCBuildConfiguration section */
		9DFA9D191C50BD8E00DEED92 /* Debug */ = {
			isa = XCBuildConfiguration;
			buildSettings = {
				ALWAYS_SEARCH_USER_PATHS = NO;
				CLANG_CXX_LANGUAGE_STANDARD = "gnu++0x";
				CLANG_CXX_LIBRARY = "libc++";
				CLANG_ENABLE_MODULES = YES;
				CLANG_ENABLE_OBJC_ARC = YES;
				CLANG_WARN_BOOL_CONVERSION = YES;
				CLANG_WARN_CONSTANT_CONVERSION = YES;
				CLANG_WARN_DIRECT_OBJC_ISA_USAGE = YES_ERROR;
				CLANG_WARN_EMPTY_BODY = YES;
				CLANG_WARN_ENUM_CONVERSION = YES;
				CLANG_WARN_INT_CONVERSION = YES;
				CLANG_WARN_OBJC_ROOT_CLASS = YES_ERROR;
				CLANG_WARN_UNREACHABLE_CODE = YES;
				CLANG_WARN__DUPLICATE_METHOD_MATCH = YES;
				CODE_SIGN_IDENTITY = "-";
				COPY_PHASE_STRIP = NO;
				DEBUG_INFORMATION_FORMAT = dwarf;
				ENABLE_STRICT_OBJC_MSGSEND = YES;
				ENABLE_TESTABILITY = YES;
				GCC_C_LANGUAGE_STANDARD = gnu99;
				GCC_DYNAMIC_NO_PIC = NO;
				GCC_NO_COMMON_BLOCKS = YES;
				GCC_OPTIMIZATION_LEVEL = 0;
				GCC_PREPROCESSOR_DEFINITIONS = (
					"DEBUG=1",
					"$(inherited)",
				);
				GCC_WARN_64_TO_32_BIT_CONVERSION = YES;
				GCC_WARN_ABOUT_RETURN_TYPE = YES_ERROR;
				GCC_WARN_UNDECLARED_SELECTOR = YES;
				GCC_WARN_UNINITIALIZED_AUTOS = YES_AGGRESSIVE;
				GCC_WARN_UNUSED_FUNCTION = YES;
				GCC_WARN_UNUSED_VARIABLE = YES;
				MACOSX_DEPLOYMENT_TARGET = 10.11;
				MTL_ENABLE_DEBUG_INFO = YES;
				ONLY_ACTIVE_ARCH = YES;
				SDKROOT = macosx;
			};
			name = Debug;
		};
		9DFA9D1A1C50BD8E00DEED92 /* Release */ = {
			isa = XCBuildConfiguration;
			buildSettings = {
				ALWAYS_SEARCH_USER_PATHS = NO;
				CLANG_CXX_LANGUAGE_STANDARD = "gnu++0x";
				CLANG_CXX_LIBRARY = "libc++";
				CLANG_ENABLE_MODULES = YES;
				CLANG_ENABLE_OBJC_ARC = YES;
				CLANG_WARN_BOOL_CONVERSION = YES;
				CLANG_WARN_CONSTANT_CONVERSION = YES;
				CLANG_WARN_DIRECT_OBJC_ISA_USAGE = YES_ERROR;
				CLANG_WARN_EMPTY_BODY = YES;
				CLANG_WARN_ENUM_CONVERSION = YES;
				CLANG_WARN_INT_CONVERSION = YES;
				CLANG_WARN_OBJC_ROOT_CLASS = YES_ERROR;
				CLANG_WARN_UNREACHABLE_CODE = YES;
				CLANG_WARN__DUPLICATE_METHOD_MATCH = YES;
				CODE_SIGN_IDENTITY = "-";
				COPY_PHASE_STRIP = NO;
				DEBUG_INFORMATION_FORMAT = "dwarf-with-dsym";
				ENABLE_NS_ASSERTIONS = NO;
				ENABLE_STRICT_OBJC_MSGSEND = YES;
				GCC_C_LANGUAGE_STANDARD = gnu99;
				GCC_NO_COMMON_BLOCKS = YES;
				GCC_WARN_64_TO_32_BIT_CONVERSION = YES;
				GCC_WARN_ABOUT_RETURN_TYPE = YES_ERROR;
				GCC_WARN_UNDECLARED_SELECTOR = YES;
				GCC_WARN_UNINITIALIZED_AUTOS = YES_AGGRESSIVE;
				GCC_WARN_UNUSED_FUNCTION = YES;
				GCC_WARN_UNUSED_VARIABLE = YES;
				MACOSX_DEPLOYMENT_TARGET = 10.11;
				MTL_ENABLE_DEBUG_INFO = NO;
				SDKROOT = macosx;
			};
			name = Release;
		};
		9DFA9D1C1C50BD8E00DEED92 /* Debug */ = {
			isa = XCBuildConfiguration;
			buildSettings = {
				PRODUCT_NAME = "$(TARGET_NAME)";
			};
			name = Debug;
		};
		9DFA9D1D1C50BD8E00DEED92 /* Release */ = {
			isa = XCBuildConfiguration;
			buildSettings = {
				PRODUCT_NAME = "$(TARGET_NAME)";
			};
			name = Release;
		};
/* End XCBuildConfiguration section */

/* Begin XCConfigurationList section */
		9DFA9D0F1C50BD8E00DEED92 /* Build configuration list for PBXProject "01-OverLoaded init function" */ = {
			isa = XCConfigurationList;
			buildConfigurations = (
				9DFA9D191C50BD8E00DEED92 /* Debug */,
				9DFA9D1A1C50BD8E00DEED92 /* Release */,
			);
			defaultConfigurationIsVisible = 0;
			defaultConfigurationName = Release;
		};
		9DFA9D1B1C50BD8E00DEED92 /* Build configuration list for PBXNativeTarget "01-OverLoaded init function" */ = {
			isa = XCConfigurationList;
			buildConfigurations = (
				9DFA9D1C1C50BD8E00DEED92 /* Debug */,
				9DFA9D1D1C50BD8E00DEED92 /* Release */,
			);
			defaultConfigurationIsVisible = 0;
		};
/* End XCConfigurationList section */
	};
	rootObject = 9DFA9D0C1C50BD8E00DEED92 /* Project object */;
}
